Microsoft Visual Studio Solution File, Format Version 12.00
# Visual Studio 2012
Project("{FAE04EC0-301F-11D3-BF4B-00C04F79EFBC}") = "open-esport-2025", "open-esport-2025.csproj", "{AABF9B0C-F839-4EA4-888E-885448B28594}"
EndProject
Global
	GlobalSection(SolutionConfigurationPlatforms) = preSolution
	Debug|Any CPU = Debug|Any CPU
	ExportDebug|Any CPU = ExportDebug|Any CPU
	ExportRelease|Any CPU = ExportRelease|Any CPU
	EndGlobalSection
	GlobalSection(ProjectConfigurationPlatforms) = postSolution
		{AABF9B0C-F839-4EA4-888E-885448B28594}.Debug|Any CPU.ActiveCfg = Debug|Any CPU
		{AABF9B0C-F839-4EA4-888E-885448B28594}.Debug|Any CPU.Build.0 = Debug|Any CPU
		{AABF9B0C-F839-4EA4-888E-885448B28594}.ExportDebug|Any CPU.ActiveCfg = ExportDebug|Any CPU
		{AABF9B0C-F839-4EA4-888E-885448B28594}.ExportDebug|Any CPU.Build.0 = ExportDebug|Any CPU
		{AABF9B0C-F839-4EA4-888E-885448B28594}.ExportRelease|Any CPU.ActiveCfg = ExportRelease|Any CPU
		{AABF9B0C-F839-4EA4-888E-885448B28594}.ExportRelease|Any CPU.Build.0 = ExportRelease|Any CPU
	EndGlobalSection
EndGlobal
